
Microsoft Visual Studio Solution File, Format Version 12.00
# Blend for Visual Studio 15
VisualStudioVersion = 15.0.27004.2006
MinimumVisualStudioVersion = 10.0.40219.1
Project("{9A19103F-16F7-4668-BE54-9A1E7A4F7556}") = "KitundaChurch", "KitundaChurch\KitundaChurch.csproj", "{A5DA3517-4A67-41C0-AC3D-728CBA3DA4AF}"
EndProject
Global
	GlobalSection(SolutionConfigurationPlatforms) = preSolution
		Debug|Any CPU = Debug|Any CPU
		Release|Any CPU = Release|Any CPU
	EndGlobalSection
	GlobalSection(ProjectConfigurationPlatforms) = postSolution
		{A5DA3517-4A67-41C0-AC3D-728CBA3DA4AF}.Debug|Any CPU.ActiveCfg = Debug|Any CPU
		{A5DA3517-4A67-41C0-AC3D-728CBA3DA4AF}.Debug|Any CPU.Build.0 = Debug|Any CPU
		{A5DA3517-4A67-41C0-AC3D-728CBA3DA4AF}.Release|Any CPU.ActiveCfg = Release|Any CPU
		{A5DA3517-4A67-41C0-AC3D-728CBA3DA4AF}.Release|Any CPU.Build.0 = Release|Any CPU
	EndGlobalSection
	GlobalSection(SolutionProperties) = preSolution
		HideSolutionNode = FALSE
	EndGlobalSection
	GlobalSection(ExtensibilityGlobals) = postSolution
		SolutionGuid = {66BE87ED-DBF7-48E6-A23A-C60EB55B2B4E}
	EndGlobalSection
EndGlobal
